# Code generated by scarb DO NOT EDIT.
version = 1

[[package]]
name = "snforge_scarb_plugin"
version = "0.42.0"
source = "git+https://github.com/foundry-rs/starknet-foundry.git?tag=v0.42.0#24abff8ac058424de827d25ec8b72e1bf67e136c"

[[package]]
name = "snforge_std"
version = "0.42.0"
source = "git+https://github.com/foundry-rs/starknet-foundry.git?tag=v0.42.0#24abff8ac058424de827d25ec8b72e1bf67e136c"
dependencies = [
 "snforge_scarb_plugin",
]

[[package]]
name = "starknet_multicall"
version = "1.0.0"
dependencies = [
 "snforge_std",
]
